
Microsoft Visual Studio Solution File, Format Version 12.00
# Visual Studio 15
VisualStudioVersion = 15.0.26730.3
MinimumVisualStudioVersion = 10.0.40219.1
Project("{FAE04EC0-301F-11D3-BF4B-00C04F79EFBC}") = "WiringPi", "WiringPi\WiringPi.csproj", "{44164C3F-B228-4488-B027-EA9717E7E6E1}"
EndProject
Project("{FAE04EC0-301F-11D3-BF4B-00C04F79EFBC}") = "TestPwm", "TestPwm\TestPwm.csproj", "{431A1567-577F-48A6-80BD-C97DDEB9418B}"
EndProject
Project("{9A19103F-16F7-4668-BE54-9A1E7A4F7556}") = "WiringPi.Core", "WiringPi.Core\WiringPi.Core.csproj", "{DB168D9F-C155-474D-981B-6C55F02B3B5B}"
EndProject
Project("{2150E333-8FDC-42A3-9474-1A3956D46DE8}") = "Test", "Test", "{2DD6C3C1-A0F9-42A8-9789-8E55B508B276}"
EndProject
Project("{9A19103F-16F7-4668-BE54-9A1E7A4F7556}") = "TestLed", "TestLed\TestLed.csproj", "{4FA38C6E-6DD9-4B3F-8A1D-0FE460B75582}"
EndProject
Project("{9A19103F-16F7-4668-BE54-9A1E7A4F7556}") = "TestServo", "TestServo\TestServo.csproj", "{C8AF55A0-1763-465E-81C6-D73992798273}"
EndProject
Project("{FAE04EC0-301F-11D3-BF4B-00C04F79EFBC}") = "WiringPi.Std", "WiringPi.Std\WiringPi.Std.csproj", "{43800279-BC1F-405B-AE7F-1674293CF626}"
EndProject
Global
	GlobalSection(SolutionConfigurationPlatforms) = preSolution
		Debug|Any CPU = Debug|Any CPU
		Debug|Mixed Platforms = Debug|Mixed Platforms
		Debug|x86 = Debug|x86
		Release|Any CPU = Release|Any CPU
		Release|Mixed Platforms = Release|Mixed Platforms
		Release|x86 = Release|x86
	EndGlobalSection
	GlobalSection(ProjectConfigurationPlatforms) = postSolution
		{44164C3F-B228-4488-B027-EA9717E7E6E1}.Debug|Any CPU.ActiveCfg = Debug|Any CPU
		{44164C3F-B228-4488-B027-EA9717E7E6E1}.Debug|Any CPU.Build.0 = Debug|Any CPU
		{44164C3F-B228-4488-B027-EA9717E7E6E1}.Debug|Mixed Platforms.ActiveCfg = Debug|Any CPU
		{44164C3F-B228-4488-B027-EA9717E7E6E1}.Debug|Mixed Platforms.Build.0 = Debug|Any CPU
		{44164C3F-B228-4488-B027-EA9717E7E6E1}.Debug|x86.ActiveCfg = Debug|Any CPU
		{44164C3F-B228-4488-B027-EA9717E7E6E1}.Release|Any CPU.ActiveCfg = Release|Any CPU
		{44164C3F-B228-4488-B027-EA9717E7E6E1}.Release|Any CPU.Build.0 = Release|Any CPU
		{44164C3F-B228-4488-B027-EA9717E7E6E1}.Release|Mixed Platforms.ActiveCfg = Release|Any CPU
		{44164C3F-B228-4488-B027-EA9717E7E6E1}.Release|Mixed Platforms.Build.0 = Release|Any CPU
		{44164C3F-B228-4488-B027-EA9717E7E6E1}.Release|x86.ActiveCfg = Release|Any CPU
		{431A1567-577F-48A6-80BD-C97DDEB9418B}.Debug|Any CPU.ActiveCfg = Debug|Any CPU
		{431A1567-577F-48A6-80BD-C97DDEB9418B}.Debug|Any CPU.Build.0 = Debug|Any CPU
		{431A1567-577F-48A6-80BD-C97DDEB9418B}.Debug|Mixed Platforms.ActiveCfg = Debug|Any CPU
		{431A1567-577F-48A6-80BD-C97DDEB9418B}.Debug|Mixed Platforms.Build.0 = Debug|Any CPU
		{431A1567-577F-48A6-80BD-C97DDEB9418B}.Debug|x86.ActiveCfg = Debug|Any CPU
		{431A1567-577F-48A6-80BD-C97DDEB9418B}.Release|Any CPU.ActiveCfg = Release|Any CPU
		{431A1567-577F-48A6-80BD-C97DDEB9418B}.Release|Any CPU.Build.0 = Release|Any CPU
		{431A1567-577F-48A6-80BD-C97DDEB9418B}.Release|Mixed Platforms.ActiveCfg = Release|Any CPU
		{431A1567-577F-48A6-80BD-C97DDEB9418B}.Release|Mixed Platforms.Build.0 = Release|Any CPU
		{431A1567-577F-48A6-80BD-C97DDEB9418B}.Release|x86.ActiveCfg = Release|Any CPU
		{DB168D9F-C155-474D-981B-6C55F02B3B5B}.Debug|Any CPU.ActiveCfg = Debug|Any CPU
		{DB168D9F-C155-474D-981B-6C55F02B3B5B}.Debug|Any CPU.Build.0 = Debug|Any CPU
		{DB168D9F-C155-474D-981B-6C55F02B3B5B}.Debug|Mixed Platforms.ActiveCfg = Debug|Any CPU
		{DB168D9F-C155-474D-981B-6C55F02B3B5B}.Debug|Mixed Platforms.Build.0 = Debug|Any CPU
		{DB168D9F-C155-474D-981B-6C55F02B3B5B}.Debug|x86.ActiveCfg = Debug|Any CPU
		{DB168D9F-C155-474D-981B-6C55F02B3B5B}.Debug|x86.Build.0 = Debug|Any CPU
		{DB168D9F-C155-474D-981B-6C55F02B3B5B}.Release|Any CPU.ActiveCfg = Release|Any CPU
		{DB168D9F-C155-474D-981B-6C55F02B3B5B}.Release|Any CPU.Build.0 = Release|Any CPU
		{DB168D9F-C155-474D-981B-6C55F02B3B5B}.Release|Mixed Platforms.ActiveCfg = Release|Any CPU
		{DB168D9F-C155-474D-981B-6C55F02B3B5B}.Release|Mixed Platforms.Build.0 = Release|Any CPU
		{DB168D9F-C155-474D-981B-6C55F02B3B5B}.Release|x86.ActiveCfg = Release|Any CPU
		{DB168D9F-C155-474D-981B-6C55F02B3B5B}.Release|x86.Build.0 = Release|Any CPU
		{4FA38C6E-6DD9-4B3F-8A1D-0FE460B75582}.Debug|Any CPU.ActiveCfg = Debug|Any CPU
		{4FA38C6E-6DD9-4B3F-8A1D-0FE460B75582}.Debug|Any CPU.Build.0 = Debug|Any CPU
		{4FA38C6E-6DD9-4B3F-8A1D-0FE460B75582}.Debug|Mixed Platforms.ActiveCfg = Debug|Any CPU
		{4FA38C6E-6DD9-4B3F-8A1D-0FE460B75582}.Debug|Mixed Platforms.Build.0 = Debug|Any CPU
		{4FA38C6E-6DD9-4B3F-8A1D-0FE460B75582}.Debug|x86.ActiveCfg = Debug|Any CPU
		{4FA38C6E-6DD9-4B3F-8A1D-0FE460B75582}.Debug|x86.Build.0 = Debug|Any CPU
		{4FA38C6E-6DD9-4B3F-8A1D-0FE460B75582}.Release|Any CPU.ActiveCfg = Release|Any CPU
		{4FA38C6E-6DD9-4B3F-8A1D-0FE460B75582}.Release|Any CPU.Build.0 = Release|Any CPU
		{4FA38C6E-6DD9-4B3F-8A1D-0FE460B75582}.Release|Mixed Platforms.ActiveCfg = Release|Any CPU
		{4FA38C6E-6DD9-4B3F-8A1D-0FE460B75582}.Release|Mixed Platforms.Build.0 = Release|Any CPU
		{4FA38C6E-6DD9-4B3F-8A1D-0FE460B75582}.Release|x86.ActiveCfg = Release|Any CPU
		{4FA38C6E-6DD9-4B3F-8A1D-0FE460B75582}.Release|x86.Build.0 = Release|Any CPU
		{C8AF55A0-1763-465E-81C6-D73992798273}.Debug|Any CPU.ActiveCfg = Debug|Any CPU
		{C8AF55A0-1763-465E-81C6-D73992798273}.Debug|Any CPU.Build.0 = Debug|Any CPU
		{C8AF55A0-1763-465E-81C6-D73992798273}.Debug|Mixed Platforms.ActiveCfg = Debug|Any CPU
		{C8AF55A0-1763-465E-81C6-D73992798273}.Debug|Mixed Platforms.Build.0 = Debug|Any CPU
		{C8AF55A0-1763-465E-81C6-D73992798273}.Debug|x86.ActiveCfg = Debug|Any CPU
		{C8AF55A0-1763-465E-81C6-D73992798273}.Debug|x86.Build.0 = Debug|Any CPU
		{C8AF55A0-1763-465E-81C6-D73992798273}.Release|Any CPU.ActiveCfg = Release|Any CPU
		{C8AF55A0-1763-465E-81C6-D73992798273}.Release|Any CPU.Build.0 = Release|Any CPU
		{C8AF55A0-1763-465E-81C6-D73992798273}.Release|Mixed Platforms.ActiveCfg = Release|Any CPU
		{C8AF55A0-1763-465E-81C6-D73992798273}.Release|Mixed Platforms.Build.0 = Release|Any CPU
		{C8AF55A0-1763-465E-81C6-D73992798273}.Release|x86.ActiveCfg = Release|Any CPU
		{C8AF55A0-1763-465E-81C6-D73992798273}.Release|x86.Build.0 = Release|Any CPU
		{43800279-BC1F-405B-AE7F-1674293CF626}.Debug|Any CPU.ActiveCfg = Debug|Any CPU
		{43800279-BC1F-405B-AE7F-1674293CF626}.Debug|Any CPU.Build.0 = Debug|Any CPU
		{43800279-BC1F-405B-AE7F-1674293CF626}.Debug|Mixed Platforms.ActiveCfg = Debug|Any CPU
		{43800279-BC1F-405B-AE7F-1674293CF626}.Debug|Mixed Platforms.Build.0 = Debug|Any CPU
		{43800279-BC1F-405B-AE7F-1674293CF626}.Debug|x86.ActiveCfg = Debug|Any CPU
		{43800279-BC1F-405B-AE7F-1674293CF626}.Debug|x86.Build.0 = Debug|Any CPU
		{43800279-BC1F-405B-AE7F-1674293CF626}.Release|Any CPU.ActiveCfg = Release|Any CPU
		{43800279-BC1F-405B-AE7F-1674293CF626}.Release|Any CPU.Build.0 = Release|Any CPU
		{43800279-BC1F-405B-AE7F-1674293CF626}.Release|Mixed Platforms.ActiveCfg = Release|Any CPU
		{43800279-BC1F-405B-AE7F-1674293CF626}.Release|Mixed Platforms.Build.0 = Release|Any CPU
		{43800279-BC1F-405B-AE7F-1674293CF626}.Release|x86.ActiveCfg = Release|Any CPU
		{43800279-BC1F-405B-AE7F-1674293CF626}.Release|x86.Build.0 = Release|Any CPU
	EndGlobalSection
	GlobalSection(SolutionProperties) = preSolution
		HideSolutionNode = FALSE
	EndGlobalSection
	GlobalSection(NestedProjects) = preSolution
		{4FA38C6E-6DD9-4B3F-8A1D-0FE460B75582} = {2DD6C3C1-A0F9-42A8-9789-8E55B508B276}
		{C8AF55A0-1763-465E-81C6-D73992798273} = {2DD6C3C1-A0F9-42A8-9789-8E55B508B276}
	EndGlobalSection
	GlobalSection(ExtensibilityGlobals) = postSolution
		SolutionGuid = {99093109-5A3D-4A20-AE3A-67522E8DE8E3}
	EndGlobalSection
EndGlobal
